
Microsoft Visual Studio Solution File, Format Version 12.00
# Visual Studio Version 17
VisualStudioVersion = 17.11.35327.3
MinimumVisualStudioVersion = 10.0.40219.1
Project("{FAE04EC0-301F-11D3-BF4B-00C04F79EFBC}") = "DrawingSol", "DrawingSol\DrawingSol.csproj", "{B8989DF2-7B2B-4DF8-BCDE-C97D4F39594D}"
EndProject
Global
	GlobalSection(SolutionConfigurationPlatforms) = preSolution
		Debug|Any CPU = Debug|Any CPU
		Release|Any CPU = Release|Any CPU
	EndGlobalSection
	GlobalSection(ProjectConfigurationPlatforms) = postSolution
		{B8989DF2-7B2B-4DF8-BCDE-C97D4F39594D}.Debug|Any CPU.ActiveCfg = Debug|Any CPU
		{B8989DF2-7B2B-4DF8-BCDE-C97D4F39594D}.Debug|Any CPU.Build.0 = Debug|Any CPU
		{B8989DF2-7B2B-4DF8-BCDE-C97D4F39594D}.Release|Any CPU.ActiveCfg = Release|Any CPU
		{B8989DF2-7B2B-4DF8-BCDE-C97D4F39594D}.Release|Any CPU.Build.0 = Release|Any CPU
	EndGlobalSection
	GlobalSection(SolutionProperties) = preSolution
		HideSolutionNode = FALSE
	EndGlobalSection
	GlobalSection(ExtensibilityGlobals) = postSolution
		SolutionGuid = {CB77D161-DEF4-4BEE-B1FD-9426471E944D}
	EndGlobalSection
EndGlobal
